<?xml version="1.0" encoding="utf-8"?>
<Project ToolsVersion="4.0" xmlns="http://schemas.microsoft.com/developer/msbuild/2003">
  <ItemGroup>
    <Filter Include="Source Files">
      <UniqueIdentifier>{4FC737F1-C7A5-4376-A066-2A32D752A2FF}</UniqueIdentifier>
      <Extensions>cpp;c;cc;cxx;c++;cppm;ixx;def;odl;idl;hpj;bat;asm;asmx</Extensions>
    </Filter>
    <Filter Include="Header Files">
      <UniqueIdentifier>{93995380-89BD-4b04-88EB-625FBE52EBFB}</UniqueIdentifier>
      <Extensions>h;hh;hpp;hxx;h++;hm;inl;inc;ipp;xsd</Extensions>
    </Filter>
    <Filter Include="Resource Files">
      <UniqueIdentifier>{67DA6AB6-F800-4c08-8B7A-83BB121AAD01}</UniqueIdentifier>
      <Extensions>rc;ico;cur;bmp;dlg;rc2;rct;bin;rgs;gif;jpg;jpeg;jpe;resx;tiff;tif;png;wav;mfcribbon-ms</Extensions>
    </Filter>
  </ItemGroup>
  <ItemGroup>
    <ClCompile Include="Calibration\camera_reader.cpp">
      <Filter>Source Files</Filter>
    </ClCompile>
    <ClCompile Include="Calibration\fbo.cpp">
      <Filter>Source Files</Filter>
    </ClCompile>
    <ClCompile Include="Calibration\main.cpp">
      <Filter>Source Files</Filter>
    </ClCompile>
    <ClCompile Include="Calibration\point_and_axis_calibration.cpp">
      <Filter>Source Files</Filter>
    </ClCompile>
    <ClCompile Include="Calibration\velodyne_reader.cpp">
      <Filter>Source Files</Filter>
    </ClCompile>
    <ClCompile Include="cameraCalibration\cameraCalibration.cpp">
      <Filter>Source Files</Filter>
    </ClCompile>
    <ClCompile Include="OpenCV_GStreamer-master\Source\Receiver.cpp">
      <Filter>Source Files</Filter>
    </ClCompile>
    <ClCompile Include="OpenCV_GStreamer-master\Source\receiver_opencv.cpp">
      <Filter>Source Files</Filter>
    </ClCompile>
    <ClCompile Include="veloread\main.cpp">
      <Filter>Source Files</Filter>
    </ClCompile>
    <ClCompile Include="cameraCalibration\main.cpp">
      <Filter>Source Files</Filter>
    </ClCompile>
    <ClCompile Include="cameraCalibration\OmnidirectionalCalibration.cpp">
      <Filter>Source Files</Filter>
    </ClCompile>
    <ClCompile Include="src\calib_converter.cpp">
      <Filter>Source Files</Filter>
    </ClCompile>
    <ClCompile Include="src\ocam_functions.cpp">
      <Filter>Source Files</Filter>
    </ClCompile>
    <ClCompile Include="src\trackball.cpp">
      <Filter>Source Files</Filter>
    </ClCompile>
    <ClCompile Include="src\trackmode.cpp">
      <Filter>Source Files</Filter>
    </ClCompile>
    <ClCompile Include="..\..\NAUSICAA_VR_API\NAUSICAA_API_SERVER\src\deserialize.cpp">
      <Filter>Source Files</Filter>
    </ClCompile>
    <ClCompile Include="..\..\NAUSICAA_VR_API\NAUSICAA_API_SERVER\src\nausicaa_api_server.cpp">
      <Filter>Source Files</Filter>
    </ClCompile>
    <ClCompile Include="..\..\NAUSICAA_VR_API\NAUSICAA_API_SERVER\src\server.cpp">
      <Filter>Source Files</Filter>
    </ClCompile>
  </ItemGroup>
  <ItemGroup>
    <ClInclude Include="Calibration\camera_reader.h">
      <Filter>Header Files</Filter>
    </ClInclude>
    <ClInclude Include="Calibration\fbo.h">
      <Filter>Header Files</Filter>
    </ClInclude>
    <ClInclude Include="Calibration\point_and_axis_calibration.h">
      <Filter>Header Files</Filter>
    </ClInclude>
    <ClInclude Include="Calibration\velodyne_reader.h">
      <Filter>Header Files</Filter>
    </ClInclude>
    <ClInclude Include="OpenCV_GStreamer-master\Source\pch.h">
      <Filter>Header Files</Filter>
    </ClInclude>
    <ClInclude Include="Calibration\shader_basic.h">
      <Filter>Header Files</Filter>
    </ClInclude>
  </ItemGroup>
  <ItemGroup>
    <None Include="Calibration\points.fs" />
    <None Include="Calibration\points.gs" />
    <None Include="Calibration\points.vs" />
    <None Include="Calibration\shadow_map.fs" />
    <None Include="Calibration\shadow_map.gs" />
    <None Include="Calibration\shadow_map.vs" />
    <None Include="Calibration\triangles.gs" />
  </ItemGroup>
</Project>